
Microsoft Visual Studio Solution File, Format Version 12.00
# Visual Studio Version 16
VisualStudioVersion = 16.0.31613.86
MinimumVisualStudioVersion = 10.0.40219.1
Project("{FAE04EC0-301F-11D3-BF4B-00C04F79EFBC}") = "SIITUniversity", "SIITUniversity\SIITUniversity.csproj", "{0B946F56-2340-4CD5-B73E-5E01D1F709DF}"
EndProject
Global
	GlobalSection(SolutionConfigurationPlatforms) = preSolution
		Debug|Any CPU = Debug|Any CPU
		Release|Any CPU = Release|Any CPU
	EndGlobalSection
	GlobalSection(ProjectConfigurationPlatforms) = postSolution
		{0B946F56-2340-4CD5-B73E-5E01D1F709DF}.Debug|Any CPU.ActiveCfg = Debug|Any CPU
		{0B946F56-2340-4CD5-B73E-5E01D1F709DF}.Debug|Any CPU.Build.0 = Debug|Any CPU
		{0B946F56-2340-4CD5-B73E-5E01D1F709DF}.Release|Any CPU.ActiveCfg = Release|Any CPU
		{0B946F56-2340-4CD5-B73E-5E01D1F709DF}.Release|Any CPU.Build.0 = Release|Any CPU
	EndGlobalSection
	GlobalSection(SolutionProperties) = preSolution
		HideSolutionNode = FALSE
	EndGlobalSection
	GlobalSection(ExtensibilityGlobals) = postSolution
		SolutionGuid = {791EAC41-EF64-4494-B771-3660B54BE333}
	EndGlobalSection
EndGlobal
